
Microsoft Visual Studio Solution File, Format Version 12.00
# Visual Studio Version 17
VisualStudioVersion = 17.9.34607.119
MinimumVisualStudioVersion = 10.0.40219.1
Project("{FAE04EC0-301F-11D3-BF4B-00C04F79EFBC}") = "TypesAndVariables", "TypesAndVariables\TypesAndVariables.csproj", "{AFC46858-C738-4447-BDCB-FA1B956FE7C1}"
EndProject
Project("{FAE04EC0-301F-11D3-BF4B-00C04F79EFBC}") = "Conditionals", "Conditionals\Conditionals.csproj", "{46E8C543-E124-443C-9789-69291F4344FA}"
EndProject
Project("{FAE04EC0-301F-11D3-BF4B-00C04F79EFBC}") = "Methods", "Methods\Methods.csproj", "{503DDAA1-B9E3-429B-997B-6AC1C1C15E5B}"
EndProject
Project("{FAE04EC0-301F-11D3-BF4B-00C04F79EFBC}") = "Arrays", "Arrays\Arrays.csproj", "{75F82131-69F5-4A96-BD55-73E3CB8A8B69}"
EndProject
Project("{FAE04EC0-301F-11D3-BF4B-00C04F79EFBC}") = "Loops", "Loops\Loops.csproj", "{7A4896F1-0691-4209-9043-6873923285C3}"
EndProject
Project("{FAE04EC0-301F-11D3-BF4B-00C04F79EFBC}") = "Strings", "Strings\Strings.csproj", "{A6A61D10-B1B1-477F-8B09-3DE80D18E8B4}"
EndProject
Project("{FAE04EC0-301F-11D3-BF4B-00C04F79EFBC}") = "Classes", "Classes\Classes.csproj", "{7D009B33-2822-4166-8651-62B90CDA8EAC}"
EndProject
Project("{FAE04EC0-301F-11D3-BF4B-00C04F79EFBC}") = "RecapDemo1", "RecapDemo1\RecapDemo1.csproj", "{C99A6139-16FE-418A-9225-CC461CD40A3C}"
EndProject
Project("{FAE04EC0-301F-11D3-BF4B-00C04F79EFBC}") = "Interfaces", "Interfaces\Interfaces.csproj", "{999F7D82-BEB6-415D-873B-9979C7DCC26F}"
EndProject
Project("{FAE04EC0-301F-11D3-BF4B-00C04F79EFBC}") = "InterfacesDemo", "InterfacesDemo\InterfacesDemo.csproj", "{F2E51415-CD48-406A-B17E-583E9D09AB36}"
EndProject
Project("{FAE04EC0-301F-11D3-BF4B-00C04F79EFBC}") = "Inheritance", "Inheritance\Inheritance.csproj", "{7DBAB795-42A7-4580-A273-1668D97911BF}"
EndProject
Global
	GlobalSection(SolutionConfigurationPlatforms) = preSolution
		Debug|Any CPU = Debug|Any CPU
		Release|Any CPU = Release|Any CPU
	EndGlobalSection
	GlobalSection(ProjectConfigurationPlatforms) = postSolution
		{AFC46858-C738-4447-BDCB-FA1B956FE7C1}.Debug|Any CPU.ActiveCfg = Debug|Any CPU
		{AFC46858-C738-4447-BDCB-FA1B956FE7C1}.Debug|Any CPU.Build.0 = Debug|Any CPU
		{AFC46858-C738-4447-BDCB-FA1B956FE7C1}.Release|Any CPU.ActiveCfg = Release|Any CPU
		{AFC46858-C738-4447-BDCB-FA1B956FE7C1}.Release|Any CPU.Build.0 = Release|Any CPU
		{46E8C543-E124-443C-9789-69291F4344FA}.Debug|Any CPU.ActiveCfg = Debug|Any CPU
		{46E8C543-E124-443C-9789-69291F4344FA}.Debug|Any CPU.Build.0 = Debug|Any CPU
		{46E8C543-E124-443C-9789-69291F4344FA}.Release|Any CPU.ActiveCfg = Release|Any CPU
		{46E8C543-E124-443C-9789-69291F4344FA}.Release|Any CPU.Build.0 = Release|Any CPU
		{503DDAA1-B9E3-429B-997B-6AC1C1C15E5B}.Debug|Any CPU.ActiveCfg = Debug|Any CPU
		{503DDAA1-B9E3-429B-997B-6AC1C1C15E5B}.Debug|Any CPU.Build.0 = Debug|Any CPU
		{503DDAA1-B9E3-429B-997B-6AC1C1C15E5B}.Release|Any CPU.ActiveCfg = Release|Any CPU
		{503DDAA1-B9E3-429B-997B-6AC1C1C15E5B}.Release|Any CPU.Build.0 = Release|Any CPU
		{75F82131-69F5-4A96-BD55-73E3CB8A8B69}.Debug|Any CPU.ActiveCfg = Debug|Any CPU
		{75F82131-69F5-4A96-BD55-73E3CB8A8B69}.Debug|Any CPU.Build.0 = Debug|Any CPU
		{75F82131-69F5-4A96-BD55-73E3CB8A8B69}.Release|Any CPU.ActiveCfg = Release|Any CPU
		{75F82131-69F5-4A96-BD55-73E3CB8A8B69}.Release|Any CPU.Build.0 = Release|Any CPU
		{7A4896F1-0691-4209-9043-6873923285C3}.Debug|Any CPU.ActiveCfg = Debug|Any CPU
		{7A4896F1-0691-4209-9043-6873923285C3}.Debug|Any CPU.Build.0 = Debug|Any CPU
		{7A4896F1-0691-4209-9043-6873923285C3}.Release|Any CPU.ActiveCfg = Release|Any CPU
		{7A4896F1-0691-4209-9043-6873923285C3}.Release|Any CPU.Build.0 = Release|Any CPU
		{A6A61D10-B1B1-477F-8B09-3DE80D18E8B4}.Debug|Any CPU.ActiveCfg = Debug|Any CPU
		{A6A61D10-B1B1-477F-8B09-3DE80D18E8B4}.Debug|Any CPU.Build.0 = Debug|Any CPU
		{A6A61D10-B1B1-477F-8B09-3DE80D18E8B4}.Release|Any CPU.ActiveCfg = Release|Any CPU
		{A6A61D10-B1B1-477F-8B09-3DE80D18E8B4}.Release|Any CPU.Build.0 = Release|Any CPU
		{7D009B33-2822-4166-8651-62B90CDA8EAC}.Debug|Any CPU.ActiveCfg = Debug|Any CPU
		{7D009B33-2822-4166-8651-62B90CDA8EAC}.Debug|Any CPU.Build.0 = Debug|Any CPU
		{7D009B33-2822-4166-8651-62B90CDA8EAC}.Release|Any CPU.ActiveCfg = Release|Any CPU
		{7D009B33-2822-4166-8651-62B90CDA8EAC}.Release|Any CPU.Build.0 = Release|Any CPU
		{C99A6139-16FE-418A-9225-CC461CD40A3C}.Debug|Any CPU.ActiveCfg = Debug|Any CPU
		{C99A6139-16FE-418A-9225-CC461CD40A3C}.Debug|Any CPU.Build.0 = Debug|Any CPU
		{C99A6139-16FE-418A-9225-CC461CD40A3C}.Release|Any CPU.ActiveCfg = Release|Any CPU
		{C99A6139-16FE-418A-9225-CC461CD40A3C}.Release|Any CPU.Build.0 = Release|Any CPU
		{999F7D82-BEB6-415D-873B-9979C7DCC26F}.Debug|Any CPU.ActiveCfg = Debug|Any CPU
		{999F7D82-BEB6-415D-873B-9979C7DCC26F}.Debug|Any CPU.Build.0 = Debug|Any CPU
		{999F7D82-BEB6-415D-873B-9979C7DCC26F}.Release|Any CPU.ActiveCfg = Release|Any CPU
		{999F7D82-BEB6-415D-873B-9979C7DCC26F}.Release|Any CPU.Build.0 = Release|Any CPU
		{F2E51415-CD48-406A-B17E-583E9D09AB36}.Debug|Any CPU.ActiveCfg = Debug|Any CPU
		{F2E51415-CD48-406A-B17E-583E9D09AB36}.Debug|Any CPU.Build.0 = Debug|Any CPU
		{F2E51415-CD48-406A-B17E-583E9D09AB36}.Release|Any CPU.ActiveCfg = Release|Any CPU
		{F2E51415-CD48-406A-B17E-583E9D09AB36}.Release|Any CPU.Build.0 = Release|Any CPU
		{7DBAB795-42A7-4580-A273-1668D97911BF}.Debug|Any CPU.ActiveCfg = Debug|Any CPU
		{7DBAB795-42A7-4580-A273-1668D97911BF}.Debug|Any CPU.Build.0 = Debug|Any CPU
		{7DBAB795-42A7-4580-A273-1668D97911BF}.Release|Any CPU.ActiveCfg = Release|Any CPU
		{7DBAB795-42A7-4580-A273-1668D97911BF}.Release|Any CPU.Build.0 = Release|Any CPU
	EndGlobalSection
	GlobalSection(SolutionProperties) = preSolution
		HideSolutionNode = FALSE
	EndGlobalSection
	GlobalSection(ExtensibilityGlobals) = postSolution
		SolutionGuid = {0DA86759-9D9E-4DAE-B6CD-1B89C4568A44}
	EndGlobalSection
EndGlobal
